Microsoft Visual Studio Solution File, Format Version 11.00
# Visual Studio 2008

Project("{88E0DCC8-A202-C2E7-4846-B18ADC9444EE}") = "Planning-in-VR", "Assembly-CSharp.csproj", "{01D29D25-1C31-C0FD-6CDC-8CE48B768B36}"
EndProject
Global
	GlobalSection(SolutionConfigurationPlatforms) = preSolution
		Debug|Any CPU = Debug|Any CPU
		Release|Any CPU = Release|Any CPU
	EndGlobalSection
	GlobalSection(ProjectConfigurationPlatforms) = postSolution
		{01D29D25-1C31-C0FD-6CDC-8CE48B768B36}.Debug|Any CPU.ActiveCfg = Debug|Any CPU
		{01D29D25-1C31-C0FD-6CDC-8CE48B768B36}.Debug|Any CPU.Build.0 = Debug|Any CPU
		{01D29D25-1C31-C0FD-6CDC-8CE48B768B36}.Release|Any CPU.ActiveCfg = Release|Any CPU
		{01D29D25-1C31-C0FD-6CDC-8CE48B768B36}.Release|Any CPU.Build.0 = Release|Any CPU
	EndGlobalSection
	GlobalSection(SolutionProperties) = preSolution
		HideSolutionNode = FALSE
	EndGlobalSection
	GlobalSection(MonoDevelopProperties) = preSolution
		StartupItem = Assembly-CSharp.csproj
	EndGlobalSection
EndGlobal
